
Microsoft Visual Studio Solution File, Format Version 12.00
Project("{FAE04EC0-301F-11D3-BF4B-00C04F79EFBC}") = "Left", "Left\Left.csproj", "{C8CE9D7D-26D0-4E35-BC02-435CB5ED33E7}"
EndProject
Project("{FAE04EC0-301F-11D3-BF4B-00C04F79EFBC}") = "Run", "Run\Run.csproj", "{D11AECE9-A4B7-4BC3-A7B7-B95058F1ED1B}"
EndProject
Global
	GlobalSection(SolutionConfigurationPlatforms) = preSolution
		Debug|Any CPU = Debug|Any CPU
		Release|Any CPU = Release|Any CPU
	EndGlobalSection
	GlobalSection(ProjectConfigurationPlatforms) = postSolution
		{C8CE9D7D-26D0-4E35-BC02-435CB5ED33E7}.Debug|Any CPU.ActiveCfg = Debug|Any CPU
		{C8CE9D7D-26D0-4E35-BC02-435CB5ED33E7}.Debug|Any CPU.Build.0 = Debug|Any CPU
		{C8CE9D7D-26D0-4E35-BC02-435CB5ED33E7}.Release|Any CPU.ActiveCfg = Release|Any CPU
		{C8CE9D7D-26D0-4E35-BC02-435CB5ED33E7}.Release|Any CPU.Build.0 = Release|Any CPU
		{D11AECE9-A4B7-4BC3-A7B7-B95058F1ED1B}.Debug|Any CPU.ActiveCfg = Debug|Any CPU
		{D11AECE9-A4B7-4BC3-A7B7-B95058F1ED1B}.Debug|Any CPU.Build.0 = Debug|Any CPU
		{D11AECE9-A4B7-4BC3-A7B7-B95058F1ED1B}.Release|Any CPU.ActiveCfg = Release|Any CPU
		{D11AECE9-A4B7-4BC3-A7B7-B95058F1ED1B}.Release|Any CPU.Build.0 = Release|Any CPU
	EndGlobalSection
EndGlobal
